
Microsoft Visual Studio Solution File, Format Version 12.00
# Visual Studio Version 17
VisualStudioVersion = 17.9.34714.143
MinimumVisualStudioVersion = 10.0.40219.1
Project("{FAE04EC0-301F-11D3-BF4B-00C04F79EFBC}") = "StockMarket", "StockMarket\StockMarket.csproj", "{A308E8D1-282E-4DA1-B56D-FD29D5F7E357}"
EndProject
Global
	GlobalSection(SolutionConfigurationPlatforms) = preSolution
		Debug|Any CPU = Debug|Any CPU
		Release|Any CPU = Release|Any CPU
	EndGlobalSection
	GlobalSection(ProjectConfigurationPlatforms) = postSolution
		{A308E8D1-282E-4DA1-B56D-FD29D5F7E357}.Debug|Any CPU.ActiveCfg = Debug|Any CPU
		{A308E8D1-282E-4DA1-B56D-FD29D5F7E357}.Debug|Any CPU.Build.0 = Debug|Any CPU
		{A308E8D1-282E-4DA1-B56D-FD29D5F7E357}.Release|Any CPU.ActiveCfg = Release|Any CPU
		{A308E8D1-282E-4DA1-B56D-FD29D5F7E357}.Release|Any CPU.Build.0 = Release|Any CPU
	EndGlobalSection
	GlobalSection(SolutionProperties) = preSolution
		HideSolutionNode = FALSE
	EndGlobalSection
	GlobalSection(ExtensibilityGlobals) = postSolution
		SolutionGuid = {413F4CB0-D54C-4F6A-A124-2B00811B4769}
	EndGlobalSection
EndGlobal
